{
  "name": "2024-2025-ps6-si3-ps6-barabamaths2",
  "lockfileVersion": 3,
  "requires": true,
  "packages": {
    "": {
      "dependencies": {
        "french-words": "^3.4.0"
      }
    },
    "node_modules/french-words": {
      "version": "3.4.0",
      "resolved": "https://registry.npmjs.org/french-words/-/french-words-3.4.0.tgz",
      "integrity": "sha512-PUsDUF8jc1B775Jkr/gQT/isBQsoajxGTOXwVudavAPWr3R83MK4JasYxk83iTwPUSIqQg3fykJte2RW2UFG1w==",
      "license": "Apache-2.0",
      "dependencies": {
        "rosaenlg-pluralize-fr": "3.4.0"
      },
      "funding": {
        "type": "patreon",
        "url": "https://www.patreon.com/ludan"
      }
    },
    "node_modules/rosaenlg-pluralize-fr": {
      "version": "3.4.0",
      "resolved": "https://registry.npmjs.org/rosaenlg-pluralize-fr/-/rosaenlg-pluralize-fr-3.4.0.tgz",
      "integrity": "sha512-kHA/KRLVikORymrZ618JSa1xAyx4N7qOWi2GhXU66aJyyZvudkrLhV0OUnz81XYHtFSA7y/4FqVf+LIYN1NvxA==",
      "license": "MIT"
    }
  }
}
